# This file is automatically @generated by Cargo.
# It is not intended for manual editing.
version = 4

[[package]]
name = "tau-agent"
version = "0.1.0"
dependencies = [
 "tau-ai",
 "tau-store",
]

[[package]]
name = "tau-ai"
version = "0.1.0"

[[package]]
name = "tau-store"
version = "0.1.0"

[[package]]
name = "tau-testing"
version = "0.1.0"
dependencies = [
 "tau-ai",
]

[[package]]
name = "tau-tools"
version = "0.1.0"
dependencies = [
 "tau-agent",
]
